
Microsoft Visual Studio Solution File, Format Version 12.00
# Visual Studio Version 16
VisualStudioVersion = 16.0.30907.101
MinimumVisualStudioVersion = 10.0.40219.1
Project("{FAE04EC0-301F-11D3-BF4B-00C04F79EFBC}") = "Sumit", "Sumit\Sumit.csproj", "{BB397CFC-D2E2-4D04-AC6D-8B2FFF67BE0A}"
EndProject
Global
	GlobalSection(SolutionConfigurationPlatforms) = preSolution
		Debug|Any CPU = Debug|Any CPU
		Release|Any CPU = Release|Any CPU
	EndGlobalSection
	GlobalSection(ProjectConfigurationPlatforms) = postSolution
		{BB397CFC-D2E2-4D04-AC6D-8B2FFF67BE0A}.Debug|Any CPU.ActiveCfg = Debug|Any CPU
		{BB397CFC-D2E2-4D04-AC6D-8B2FFF67BE0A}.Debug|Any CPU.Build.0 = Debug|Any CPU
		{BB397CFC-D2E2-4D04-AC6D-8B2FFF67BE0A}.Release|Any CPU.ActiveCfg = Release|Any CPU
		{BB397CFC-D2E2-4D04-AC6D-8B2FFF67BE0A}.Release|Any CPU.Build.0 = Release|Any CPU
	EndGlobalSection
	GlobalSection(SolutionProperties) = preSolution
		HideSolutionNode = FALSE
	EndGlobalSection
	GlobalSection(ExtensibilityGlobals) = postSolution
		SolutionGuid = {DEDA7402-C92E-4835-B1A6-484DE4927C55}
	EndGlobalSection
EndGlobal
